{
  "name": "passguard-kit",
  "version": "1.0.3",
  "lockfileVersion": 3,
  "requires": true,
  "packages": {
    "": {
      "name": "passguard-kit",
      "version": "1.0.3",
      "license": "MIT",
      "dependencies": {
        "@zxcvbn-ts/core": "4.1.2",
        "@zxcvbn-ts/language-common": "4.1.3",
        "@zxcvbn-ts/language-en": "4.1.1"
      },
      "devDependencies": {
        "typescript": "5.9.3"
      },
      "engines": {
        "node": ">=20"
      }
    },
    "node_modules/@zxcvbn-ts/core": {
      "version": "4.1.2",
      "resolved": "https://registry.npmjs.org/@zxcvbn-ts/core/-/core-4.1.2.tgz",
      "integrity": "sha512-RQmxWB3AMI+HGQErQdUv6Aq32aQhp6xOxrfgCP0+T9MsLZoP3xtLHuT8O8VojsUxdmQVZfJlYkYb1A0wOwIS+Q==",
      "license": "MIT",
      "dependencies": {
        "fastest-levenshtein": "1.0.16"
      }
    },
    "node_modules/@zxcvbn-ts/dictionary-compression": {
      "version": "3.0.1",
      "resolved": "https://registry.npmjs.org/@zxcvbn-ts/dictionary-compression/-/dictionary-compression-3.0.1.tgz",
      "integrity": "sha512-p3KyPzxGc3vWSap5hHA6SllbUCmh7s+NtpGyC3qEWrxYJT9t9TUAzjPm48Okipo+UUyPQfDlIvTcs9JRShBFiQ==",
      "license": "MIT"
    },
    "node_modules/@zxcvbn-ts/language-common": {
      "version": "4.1.3",
      "resolved": "https://registry.npmjs.org/@zxcvbn-ts/language-common/-/language-common-4.1.3.tgz",
      "integrity": "sha512-g2bg4skmlJG9aJqC/nWziZzgYpSe/f3rKeGobrkdFiOrfZVFqqzUgC6BUQWuX54Sua9j0Jxxt+1bf4f/Mal1Kg==",
      "license": "MIT",
      "dependencies": {
        "@zxcvbn-ts/dictionary-compression": "^3.0.1"
      }
    },
    "node_modules/@zxcvbn-ts/language-en": {
      "version": "4.1.1",
      "resolved": "https://registry.npmjs.org/@zxcvbn-ts/language-en/-/language-en-4.1.1.tgz",
      "integrity": "sha512-6UdzuBd3Uex8TKubohcn+uXRVAH34Zjs2eCfT4hQVo9zeTy7AkQRQfdV4OnHR5hQfW/XBrK/AGTZk7VBWh7wwQ==",
      "license": "MIT",
      "dependencies": {
        "@zxcvbn-ts/dictionary-compression": "^3.0.1"
      }
    },
    "node_modules/fastest-levenshtein": {
      "version": "1.0.16",
      "resolved": "https://registry.npmjs.org/fastest-levenshtein/-/fastest-levenshtein-1.0.16.tgz",
      "integrity": "sha512-eRnCtTTtGZFpQCwhJiUOuxPQWRXVKYDn0b2PeHfXL6/Zi53SLAzAHfVhVWK2AryC/WH05kGfxhFIPvTF0SXQzg==",
      "license": "MIT",
      "engines": {
        "node": ">= 4.9.1"
      }
    },
    "node_modules/typescript": {
      "version": "5.9.3",
      "resolved": "https://registry.npmjs.org/typescript/-/typescript-5.9.3.tgz",
      "integrity": "sha512-jl1vZzPDinLr9eUt3J/t7V6FgNEw9QjvBPdysz9KfQDD41fQrC2Y4vKQdiaUpFT4bXlb1RHhLpp8wtm6M5TgSw==",
      "dev": true,
      "license": "Apache-2.0",
      "bin": {
        "tsc": "bin/tsc",
        "tsserver": "bin/tsserver"
      },
      "engines": {
        "node": ">=14.17"
      }
    }
  }
}
